<?xml version="1.0" encoding="utf-8"?>
<Project ToolsVersion="4.0" xmlns="http://schemas.microsoft.com/developer/msbuild/2003">
  <ItemGroup>
    <Filter Include="Arquivos de Origem">
      <UniqueIdentifier>{4FC737F1-C7A5-4376-A066-2A32D752A2FF}</UniqueIdentifier>
      <Extensions>cpp;c;cc;cxx;c++;cppm;ixx;def;odl;idl;hpj;bat;asm;asmx</Extensions>
    </Filter>
    <Filter Include="Arquivos de Cabeçalho">
      <UniqueIdentifier>{93995380-89BD-4b04-88EB-625FBE52EBFB}</UniqueIdentifier>
      <Extensions>h;hh;hpp;hxx;h++;hm;inl;inc;ipp;xsd</Extensions>
    </Filter>
    <Filter Include="Arquivos de Recurso">
      <UniqueIdentifier>{67DA6AB6-F800-4c08-8B7A-83BB121AAD01}</UniqueIdentifier>
      <Extensions>rc;ico;cur;bmp;dlg;rc2;rct;bin;rgs;gif;jpg;jpeg;jpe;resx;tiff;tif;png;wav;mfcribbon-ms</Extensions>
    </Filter>
    <Filter Include="Arquivos de Cabeçalho\LuaFuncs">
      <UniqueIdentifier>{c1c0c421-4842-4295-b615-f9f614bc7ab8}</UniqueIdentifier>
    </Filter>
    <Filter Include="Arquivos de Cabeçalho\Angelica">
      <UniqueIdentifier>{6c1cf550-b466-4bec-ae9e-6755db1c0c2c}</UniqueIdentifier>
    </Filter>
    <Filter Include="Arquivos de Cabeçalho\Hooks">
      <UniqueIdentifier>{84c22451-9b99-4174-a0f1-ad7040be9ac8}</UniqueIdentifier>
    </Filter>
    <Filter Include="Arquivos de Cabeçalho\Memory">
      <UniqueIdentifier>{571c5941-a764-47ed-b322-98ddb15c6659}</UniqueIdentifier>
    </Filter>
  </ItemGroup>
  <ItemGroup>
    <ClInclude Include="framework.h">
      <Filter>Arquivos de Cabeçalho</Filter>
    </ClInclude>
    <ClInclude Include="pch.h">
      <Filter>Arquivos de Cabeçalho</Filter>
    </ClInclude>
    <ClInclude Include="Debug.h">
      <Filter>Arquivos de Cabeçalho</Filter>
    </ClInclude>
    <ClInclude Include="avector.h">
      <Filter>Arquivos de Cabeçalho\Angelica</Filter>
    </ClInclude>
    <ClInclude Include="HookGetHostMoneyInPack.h">
      <Filter>Arquivos de Cabeçalho\Hooks</Filter>
    </ClInclude>
    <ClInclude Include="DetourFunction.h">
      <Filter>Arquivos de Cabeçalho\Hooks</Filter>
    </ClInclude>
    <ClInclude Include="ReadMem.h">
      <Filter>Arquivos de Cabeçalho\Memory</Filter>
    </ClInclude>
    <ClInclude Include="WriteMem.h">
      <Filter>Arquivos de Cabeçalho\Memory</Filter>
    </ClInclude>
    <ClInclude Include="Validation.h">
      <Filter>Arquivos de Cabeçalho</Filter>
    </ClInclude>
  </ItemGroup>
  <ItemGroup>
    <ClCompile Include="dllmain.cpp">
      <Filter>Arquivos de Origem</Filter>
    </ClCompile>
    <ClCompile Include="pch.cpp">
      <Filter>Arquivos de Origem</Filter>
    </ClCompile>
  </ItemGroup>
</Project>